
Microsoft Visual Studio Solution File, Format Version 12.00
# Visual Studio Version 17
VisualStudioVersion = 17.8.34330.188
MinimumVisualStudioVersion = 10.0.40219.1
Project("{FAE04EC0-301F-11D3-BF4B-00C04F79EFBC}") = "Examination System", "Examination System\Examination System.csproj", "{0A76EAF2-2F4B-4A48-9129-959728B6045B}"
EndProject
Global
	GlobalSection(SolutionConfigurationPlatforms) = preSolution
		Debug|Any CPU = Debug|Any CPU
		Release|Any CPU = Release|Any CPU
	EndGlobalSection
	GlobalSection(ProjectConfigurationPlatforms) = postSolution
		{0A76EAF2-2F4B-4A48-9129-959728B6045B}.Debug|Any CPU.ActiveCfg = Debug|Any CPU
		{0A76EAF2-2F4B-4A48-9129-959728B6045B}.Debug|Any CPU.Build.0 = Debug|Any CPU
		{0A76EAF2-2F4B-4A48-9129-959728B6045B}.Release|Any CPU.ActiveCfg = Release|Any CPU
		{0A76EAF2-2F4B-4A48-9129-959728B6045B}.Release|Any CPU.Build.0 = Release|Any CPU
	EndGlobalSection
	GlobalSection(SolutionProperties) = preSolution
		HideSolutionNode = FALSE
	EndGlobalSection
	GlobalSection(ExtensibilityGlobals) = postSolution
		SolutionGuid = {E1E8E50F-756D-4713-BEA1-5782F7574AB0}
	EndGlobalSection
EndGlobal
